
Microsoft Visual Studio Solution File, Format Version 12.00
# Visual Studio 15
VisualStudioVersion = 15.0.27428.2015
MinimumVisualStudioVersion = 10.0.40219.1
Project("{FAE04EC0-301F-11D3-BF4B-00C04F79EFBC}") = "WiFiReconnecter", "WiFiReconnecter\WiFiReconnecter.csproj", "{3A9C134D-9957-4451-8233-9E905BB05D18}"
EndProject
Global
	GlobalSection(SolutionConfigurationPlatforms) = preSolution
		Debug|Any CPU = Debug|Any CPU
		Release|Any CPU = Release|Any CPU
	EndGlobalSection
	GlobalSection(ProjectConfigurationPlatforms) = postSolution
		{3A9C134D-9957-4451-8233-9E905BB05D18}.Debug|Any CPU.ActiveCfg = Debug|Any CPU
		{3A9C134D-9957-4451-8233-9E905BB05D18}.Debug|Any CPU.Build.0 = Debug|Any CPU
		{3A9C134D-9957-4451-8233-9E905BB05D18}.Release|Any CPU.ActiveCfg = Release|Any CPU
		{3A9C134D-9957-4451-8233-9E905BB05D18}.Release|Any CPU.Build.0 = Release|Any CPU
	EndGlobalSection
	GlobalSection(SolutionProperties) = preSolution
		HideSolutionNode = FALSE
	EndGlobalSection
	GlobalSection(ExtensibilityGlobals) = postSolution
		SolutionGuid = {3986EA55-F1BC-434B-B1F7-D15D0475525F}
	EndGlobalSection
EndGlobal
